
Microsoft Visual Studio Solution File, Format Version 12.00
# Visual Studio 14
VisualStudioVersion = 14.0.25123.0
MinimumVisualStudioVersion = 10.0.40219.1
Project("{FAE04EC0-301F-11D3-BF4B-00C04F79EFBC}") = "DataLayer", "DataLayer\DataLayer.csproj", "{BDCE0475-DC87-4B88-9BC4-56F145A0A595}"
EndProject
Project("{FAE04EC0-301F-11D3-BF4B-00C04F79EFBC}") = "BusinessLayer", "BusinessLayer\BusinessLayer.csproj", "{237C5DD3-5186-4321-AD55-92740CEEAC3E}"
EndProject
Project("{FAE04EC0-301F-11D3-BF4B-00C04F79EFBC}") = "PresentationLayer", "PresentationLayer\PresentationLayer.csproj", "{95E5FAA0-86EF-49A1-B860-6161A44BE590}"
EndProject
Project("{FAE04EC0-301F-11D3-BF4B-00C04F79EFBC}") = "PresentationLayer.Tests", "PresentationLayer.Tests\PresentationLayer.Tests.csproj", "{86D5CB55-D313-4CD4-AB10-29E3C60E84CC}"
EndProject
Global
	GlobalSection(SolutionConfigurationPlatforms) = preSolution
		Debug|Any CPU = Debug|Any CPU
		Release|Any CPU = Release|Any CPU
	EndGlobalSection
	GlobalSection(ProjectConfigurationPlatforms) = postSolution
		{BDCE0475-DC87-4B88-9BC4-56F145A0A595}.Debug|Any CPU.ActiveCfg = Debug|Any CPU
		{BDCE0475-DC87-4B88-9BC4-56F145A0A595}.Debug|Any CPU.Build.0 = Debug|Any CPU
		{BDCE0475-DC87-4B88-9BC4-56F145A0A595}.Release|Any CPU.ActiveCfg = Release|Any CPU
		{BDCE0475-DC87-4B88-9BC4-56F145A0A595}.Release|Any CPU.Build.0 = Release|Any CPU
		{237C5DD3-5186-4321-AD55-92740CEEAC3E}.Debug|Any CPU.ActiveCfg = Debug|Any CPU
		{237C5DD3-5186-4321-AD55-92740CEEAC3E}.Debug|Any CPU.Build.0 = Debug|Any CPU
		{237C5DD3-5186-4321-AD55-92740CEEAC3E}.Release|Any CPU.ActiveCfg = Release|Any CPU
		{237C5DD3-5186-4321-AD55-92740CEEAC3E}.Release|Any CPU.Build.0 = Release|Any CPU
		{95E5FAA0-86EF-49A1-B860-6161A44BE590}.Debug|Any CPU.ActiveCfg = Debug|Any CPU
		{95E5FAA0-86EF-49A1-B860-6161A44BE590}.Debug|Any CPU.Build.0 = Debug|Any CPU
		{95E5FAA0-86EF-49A1-B860-6161A44BE590}.Release|Any CPU.ActiveCfg = Release|Any CPU
		{95E5FAA0-86EF-49A1-B860-6161A44BE590}.Release|Any CPU.Build.0 = Release|Any CPU
		{86D5CB55-D313-4CD4-AB10-29E3C60E84CC}.Debug|Any CPU.ActiveCfg = Debug|Any CPU
		{86D5CB55-D313-4CD4-AB10-29E3C60E84CC}.Debug|Any CPU.Build.0 = Debug|Any CPU
		{86D5CB55-D313-4CD4-AB10-29E3C60E84CC}.Release|Any CPU.ActiveCfg = Release|Any CPU
		{86D5CB55-D313-4CD4-AB10-29E3C60E84CC}.Release|Any CPU.Build.0 = Release|Any CPU
	EndGlobalSection
	GlobalSection(SolutionProperties) = preSolution
		HideSolutionNode = FALSE
	EndGlobalSection
EndGlobal
